Microsoft Visual Studio Solution File, Format Version 12.00
# Visual Studio 2012
Project("{FAE04EC0-301F-11D3-BF4B-00C04F79EFBC}") = "Nova 4", "Nova 4.csproj", "{9C155C56-F577-4B75-BA22-C1EF21DEB957}"
EndProject
Global
	GlobalSection(SolutionConfigurationPlatforms) = preSolution
	Debug|Any CPU = Debug|Any CPU
	ExportDebug|Any CPU = ExportDebug|Any CPU
	ExportRelease|Any CPU = ExportRelease|Any CPU
	EndGlobalSection
	GlobalSection(ProjectConfigurationPlatforms) = postSolution
		{9C155C56-F577-4B75-BA22-C1EF21DEB957}.Debug|Any CPU.ActiveCfg = Debug|Any CPU
		{9C155C56-F577-4B75-BA22-C1EF21DEB957}.Debug|Any CPU.Build.0 = Debug|Any CPU
		{9C155C56-F577-4B75-BA22-C1EF21DEB957}.ExportDebug|Any CPU.ActiveCfg = ExportDebug|Any CPU
		{9C155C56-F577-4B75-BA22-C1EF21DEB957}.ExportDebug|Any CPU.Build.0 = ExportDebug|Any CPU
		{9C155C56-F577-4B75-BA22-C1EF21DEB957}.ExportRelease|Any CPU.ActiveCfg = ExportRelease|Any CPU
		{9C155C56-F577-4B75-BA22-C1EF21DEB957}.ExportRelease|Any CPU.Build.0 = ExportRelease|Any CPU
	EndGlobalSection
EndGlobal
